{"version":4,"terraform_version":"1.10.7","serial":7,"lineage":"3241df9f-4548-819d-4db5-9b97498ceec0","outputs":{"router_ipv4_addresses":{"value":[],"type":["list",["list","string"]]},"router_node":{"value":"router1","type":"string"},"router_vm_id":{"value":101,"type":"number"},"router_vm_name":{"value":"router-openwrt-main","type":"string"}},"resources":[{"mode":"data","type":"sops_file","name":"router_api","provider":"provider[\"registry.opentofu.org/carlpett/sops\"]","instances":[{"schema_version":0,"attributes":{"data":{"proxmox_api.cluster_name":"router-pve","proxmox_api.tokens.ansible.token_id":"ansible","proxmox_api.tokens.ansible.token_secret":"d9a8b84c-574b-46bf-a7cf-f7b4a6c18dbe","proxmox_api.tokens.terraform.token_id":"terraform","proxmox_api.tokens.terraform.token_secret":"0da168a8-2039-4bc4-850e-1fbbfc16be53","proxmox_api.url":"https://192.168.51.171:8006/api2/json","proxmox_api.user":"gitops@pve"},"id":"-","input_type":null,"raw":"proxmox_api:\n    cluster_name: router-pve\n    tokens:\n        ansible:\n            token_id: ansible\n            token_secret: d9a8b84c-574b-46bf-a7cf-f7b4a6c18dbe\n        terraform:\n            token_id: terraform\n            token_secret: 0da168a8-2039-4bc4-850e-1fbbfc16be53\n    url: https://192.168.51.171:8006/api2/json\n    user: gitops@pve\n","source_file":"./../../ansible/inventory/group_vars/router-pve.sops.yml"},"sensitive_attributes":[]}]},{"mode":"managed","type":"local_file","name":"ansible_inventory_router","provider":"provider[\"registry.opentofu.org/hashicorp/local\"]","instances":[{"schema_version":0,"attributes":{"content":"\"all\":\n  \"children\":\n    \"management\":\n      \"hosts\":\n        \"router-openwrt-main\":\n          \"ansible_host\": \"192.168.61.1\"\n          \"ansible_user\": \"root\"\n","content_base64":null,"content_base64sha256":"nTSSySWsHUm+dT+m6Pz0356usKtzvLJKSpUqv5ab8oo=","content_base64sha512":"tGEsmC8HdwC9UuQ6e8GKi+9h+eS+AMMPDRPlc04Ca4nAmq+oFYigQvmVgSdg3rQYpueTkhiXVMR2amLcOfNS3A==","content_md5":"b4f33866f867efecc262baef0b673364","content_sha1":"a431b7adb6db780a563c111a44f7967c11630596","content_sha256":"9d3492c925ac1d49be753fa6e8fcf4df9eaeb0ab73bcb24a4a952abf969bf28a","content_sha512":"b4612c982f077700bd52e43a7bc18a8bef61f9e4be00c30f0d13e5734e026b89c09aafa81588a042f995812760deb418a6e79392189754c4766a62dc39f352dc","directory_permission":"0777","file_permission":"0644","filename":"./../../ansible/inventory/management/management.yml","id":"a431b7adb6db780a563c111a44f7967c11630596","sensitive_content":null,"source":null},"sensitive_attributes":[[{"type":"get_attr","value":"sensitive_content"}]],"dependencies":["data.sops_file.router_api","proxmox_virtual_environment_vm.router"]}]},{"mode":"managed","type":"proxmox_virtual_environment_vm","name":"router","provider":"provider[\"registry.opentofu.org/bpg/proxmox\"]","instances":[{"schema_version":0,"attributes":{"acpi":true,"agent":[],"amd_sev":[],"audio_device":[],"bios":"seabios","boot_order":["scsi0"],"cdrom":[],"clone":[{"datastore_id":"","full":true,"node_name":"router1","retries":1,"vm_id":9000}],"cpu":[{"affinity":"","architecture":"","cores":2,"flags":[],"hotplugged":0,"limit":0,"numa":false,"sockets":1,"type":"host","units":100}],"delete_unreferenced_disks_on_destroy":true,"description":"OpenWRT main router managed by OpenTofu","disk":[],"efi_disk":[],"hook_script_file_id":null,"hostpci":[],"id":"101","initialization":[],"ipv4_addresses":[],"ipv6_addresses":[],"keyboard_layout":"en-us","kvm_arguments":null,"mac_addresses":["BC:24:11:A3:A3:57","BC:24:11:48:DC:FA"],"machine":null,"memory":[{"dedicated":512,"floating":0,"hugepages":"","keep_hugepages":false,"shared":0}],"migrate":false,"name":"router-openwrt-main","network_device":[{"bridge":"vmbr_wan","disconnected":false,"enabled":true,"firewall":false,"mac_address":"BC:24:11:A3:A3:57","model":"virtio","mtu":0,"queues":0,"rate_limit":0,"trunks":"","vlan_id":0},{"bridge":"vmbr_lan_trunk","disconnected":false,"enabled":true,"firewall":false,"mac_address":"BC:24:11:48:DC:FA","model":"virtio","mtu":0,"queues":0,"rate_limit":0,"trunks":"","vlan_id":0}],"network_interface_names":[],"node_name":"router1","numa":[],"on_boot":true,"operating_system":[],"pool_id":"","protection":false,"purge_on_destroy":true,"reboot":false,"reboot_after_update":true,"rng":[],"scsi_hardware":"virtio-scsi-pci","serial_device":[{"device":"socket"}],"smbios":[],"started":true,"startup":[],"stop_on_destroy":false,"tablet_device":true,"tags":["openwrt","router","tofu"],"template":false,"timeout_clone":1800,"timeout_create":1800,"timeout_migrate":1800,"timeout_move_disk":1800,"timeout_reboot":1800,"timeout_shutdown_vm":1800,"timeout_start_vm":1800,"timeout_stop_vm":300,"tpm_state":[],"usb":[],"vga":[{"clipboard":"","memory":16,"type":"serial0"}],"virtiofs":[],"vm_id":101,"watchdog":[]},"sensitive_attributes":[],"private":"bnVsbA==","dependencies":["data.sops_file.router_api"]}]}],"check_results":null}
